# THIS IS AN AUTOGENERATED FILE. DO NOT EDIT THIS FILE DIRECTLY.
# yarn lockfile v1


file-headers@^2.0.0:
  version "2.0.0"
  resolved "https://registry.yarnpkg.com/file-headers/-/file-headers-2.0.0.tgz#28558c8c122e1f9c61d908b801e011575001ad9e"
  integrity sha512-6lWsT9sqhphsDrUF1E5i9hhPfFVJ2UExSOmDhXVfuz0s96IrjzVlVqaXJPY/SWbFHwAAUlaJtbwXwjwDzzAwvw==
